{
  "nodes": {
    "flake-utils": {
      "inputs": {
        "systems": "systems"
      },
      "locked": {
        "lastModified": 1726560853,
        "narHash": "sha256-X6rJYSESBVr3hBoH0WbKE5KvhPU5bloyZ2L4K60/fPQ=",
        "owner": "numtide",
        "repo": "flake-utils",
        "rev": "c1dfcf08411b08f6b8615f7d8971a2bfa81d5e8a",
        "type": "github"
      },
      "original": {
        "owner": "numtide",
        "repo": "flake-utils",
        "type": "github"
      }
    },
    "nixpkgs": {
      "locked": {
        "lastModified": 1728398398,
        "narHash": "sha256-Gk+vstZMyXEr6UNCzp9lx90Sm8LvPdtqiWCL1ZJMaDg=",
        "owner": "NuschtOS",
        "repo": "nuschtpkgs",
        "rev": "1e81fbde6311d68fea8af7e594bd8d1b4415ac0c",
        "type": "github"
      },
      "original": {
        "owner": "NuschtOS",
        "ref": "nixos-unstable",
        "repo": "nuschtpkgs",
        "type": "github"
      }
    },
    "root": {
      "inputs": {
        "flake-utils": "flake-utils",
        "nixpkgs": "nixpkgs",
        "search": "search"
      }
    },
    "search": {
      "inputs": {
        "flake-utils": [
          "flake-utils"
        ],
        "nixpkgs": [
          "nixpkgs"
        ]
      },
      "locked": {
        "lastModified": 1729299074,
        "narHash": "sha256-muAma8xVEd4M1mWacYsOK8TYWdNqckDjdjl9cFLZmr8=",
        "owner": "nuschtos",
        "repo": "search",
        "rev": "0b60729dfbf9380b7c9ce51e0c89df7a83519a19",
        "type": "github"
      },
      "original": {
        "owner": "nuschtos",
        "repo": "search",
        "type": "github"
      }
    },
    "systems": {
      "locked": {
        "lastModified": 1681028828,
        "narHash": "sha256-Vy1rq5AaRuLzOxct8nz4T6wlgyUR7zLU309k9mBC768=",
        "owner": "nix-systems",
        "repo": "default",
        "rev": "da67096a3b9bf56a91d16901293e51ba5b49a27e",
        "type": "github"
      },
      "original": {
        "owner": "nix-systems",
        "repo": "default",
        "type": "github"
      }
    }
  },
  "root": "root",
  "version": 7
}
