{
  "nodes": {
    "nixpkgs-lib": {
      "locked": {
        "lastModified": 1674953599,
        "narHash": "sha256-DlAzFbth2P6Hp1M7smDd1apa2dJdxw3FeaWpl03LWeU=",
        "owner": "nix-community",
        "repo": "nixpkgs.lib",
        "rev": "a6486be6c11c609cd60c01a427279e8a80a025fa",
        "type": "github"
      },
      "original": {
        "owner": "nix-community",
        "repo": "nixpkgs.lib",
        "type": "github"
      }
    },
    "root": {
      "inputs": {
        "nixpkgs-lib": "nixpkgs-lib"
      }
    }
  },
  "root": "root",
  "version": 7
}
